// !$*UTF8*$!
{
	archiveVersion = 1;
	classes = {
	};
	objectVersion = 46;
	objects = {

/* Begin PBXBuildFile section */
		BAE08704183CE85100B12AB6 /* Foundation.framework in Frameworks */ = {isa = PBXBuildFile; fileRef = BAE08703183CE85100B12AB6 /* Foundation.framework */; };
		BAE08706183CE85100B12AB6 /* CoreGraphics.framework in Frameworks */ = {isa = PBXBuildFile; fileRef = BAE08705183CE85100B12AB6 /* CoreGraphics.framework */; };
		BAE08708183CE85100B12AB6 /* UIKit.framework in Frameworks */ = {isa = PBXBuildFile; fileRef = BAE08707183CE85100B12AB6 /* UIKit.framework */; };
		BAE0870E183CE85100B12AB6 /* InfoPlist.strings in Resources */ = {isa = PBXBuildFile; fileRef = BAE0870C183CE85100B12AB6 /* InfoPlist.strings */; };
		BAE08710183CE85100B12AB6 /* main.m in Sources */ = {isa = PBXBuildFile; fileRef = BAE0870F183CE85100B12AB6 /* main.m */; };
		BAE08714183CE85100B12AB6 /* FeAppDelegate.m in Sources */ = {isa = PBXBuildFile; fileRef = BAE08713183CE85100B12AB6 /* FeAppDelegate.m */; };
		BAE08717183CE85100B12AB6 /* Main_iPhone.storyboard in Resources */ = {isa = PBXBuildFile; fileRef = BAE08715183CE85100B12AB6 /* Main_iPhone.storyboard */; };
		BAE0871A183CE85100B12AB6 /* Main_iPad.storyboard in Resources */ = {isa = PBXBuildFile; fileRef = BAE08718183CE85100B12AB6 /* Main_iPad.storyboard */; };
		BAE0871D183CE85100B12AB6 /* FeViewController.m in Sources */ = {isa = PBXBuildFile; fileRef = BAE0871C183CE85100B12AB6 /* FeViewController.m */; };
		BAE0871F183CE85100B12AB6 /* Images.xcassets in Resources */ = {isa = PBXBuildFile; fileRef = BAE0871E183CE85100B12AB6 /* Images.xcassets */; };
		BAE08726183CE85100B12AB6 /* XCTest.framework in Frameworks */ = {isa = PBXBuildFile; fileRef = BAE08725183CE85100B12AB6 /* XCTest.framework */; };
		BAE08727183CE85100B12AB6 /* Foundation.framework in Frameworks */ = {isa = PBXBuildFile; fileRef = BAE08703183CE85100B12AB6 /* Foundation.framework */; };
		BAE08728183CE85100B12AB6 /* UIKit.framework in Frameworks */ = {isa = PBXBuildFile; fileRef = BAE08707183CE85100B12AB6 /* UIKit.framework */; };
		BAE08730183CE85100B12AB6 /* InfoPlist.strings in Resources */ = {isa = PBXBuildFile; fileRef = BAE0872E183CE85100B12AB6 /* InfoPlist.strings */; };
		BAE08732183CE85100B12AB6 /* FeSpinnerTests.m in Sources */ = {isa = PBXBuildFile; fileRef = BAE08731183CE85100B12AB6 /* FeSpinnerTests.m */; };
/* End PBXBuildFile section */

/* Begin PBXContainerItemProxy section */
		BAE08729183CE85100B12AB6 /* PBXContainerItemProxy */ = {
			isa = PBXContainerItemProxy;
			containerPortal = BAE086F8183CE85100B12AB6 /* Project object */;
			proxyType = 1;
			remoteGlobalIDString = BAE086FF183CE85100B12AB6;
			remoteInfo = FeSpinner;
		};
/* End PBXContainerItemProxy section */

/* Begin PBXFileReference section */
		BAE08700183CE85100B12AB6 /* FeSpinner.app */ = {isa = PBXFileReference; explicitFileType = wrapper.application; includeInIndex = 0; path = FeSpinner.app; sourceTree = BUILT_PRODUCTS_DIR; };
		BAE08703183CE85100B12AB6 /* Foundation.framework */ = {isa = PBXFileReference; lastKnownFileType = wrapper.framework; name = Foundation.framework; path = System/Library/Frameworks/Foundation.framework; sourceTree = SDKROOT; };
		BAE08705183CE85100B12AB6 /* CoreGraphics.framework */ = {isa = PBXFileReference; lastKnownFileType = wrapper.framework; name = CoreGraphics.framework; path = System/Library/Frameworks/CoreGraphics.framework; sourceTree = SDKROOT; };
		BAE08707183CE85100B12AB6 /* UIKit.framework */ = {isa = PBXFileReference; lastKnownFileType = wrapper.framework; name = UIKit.framework; path = System/Library/Frameworks/UIKit.framework; sourceTree = SDKROOT; };
		BAE0870B183CE85100B12AB6 /* FeSpinner-Info.plist */ = {isa = PBXFileReference; lastKnownFileType = text.plist.xml; path = "FeSpinner-Info.plist"; sourceTree = "<group>"; };
		BAE0870D183CE85100B12AB6 /* en */ = {isa = PBXFileReference; lastKnownFileType = text.plist.strings; name = en; path = en.lproj/InfoPlist.strings; sourceTree = "<group>"; };
		BAE0870F183CE85100B12AB6 /* main.m */ = {isa = PBXFileReference; lastKnownFileType = sourcecode.c.objc; path = main.m; sourceTree = "<group>"; };
		BAE08711183CE85100B12AB6 /* FeSpinner-Prefix.pch */ = {isa = PBXFileReference; lastKnownFileType = sourcecode.c.h; path = "FeSpinner-Prefix.pch"; sourceTree = "<group>"; };
		BAE08712183CE85100B12AB6 /* FeAppDelegate.h */ = {isa = PBXFileReference; lastKnownFileType = sourcecode.c.h; path = FeAppDelegate.h; sourceTree = "<group>"; };
		BAE08713183CE85100B12AB6 /* FeAppDelegate.m */ = {isa = PBXFileReference; lastKnownFileType = sourcecode.c.objc; path = FeAppDelegate.m; sourceTree = "<group>"; };
		BAE08716183CE85100B12AB6 /* Base */ = {isa = PBXFileReference; lastKnownFileType = file.storyboard; name = Base; path = Base.lproj/Main_iPhone.storyboard; sourceTree = "<group>"; };
		BAE08719183CE85100B12AB6 /* Base */ = {isa = PBXFileReference; lastKnownFileType = file.storyboard; name = Base; path = Base.lproj/Main_iPad.storyboard; sourceTree = "<group>"; };
		BAE0871B183CE85100B12AB6 /* FeViewController.h */ = {isa = PBXFileReference; lastKnownFileType = sourcecode.c.h; path = FeViewController.h; sourceTree = "<group>"; };
		BAE0871C183CE85100B12AB6 /* FeViewController.m */ = {isa = PBXFileReference; lastKnownFileType = sourcecode.c.objc; path = FeViewController.m; sourceTree = "<group>"; };
		BAE0871E183CE85100B12AB6 /* Images.xcassets */ = {isa = PBXFileReference; lastKnownFileType = folder.assetcatalog; path = Images.xcassets; sourceTree = "<group>"; };
		BAE08724183CE85100B12AB6 /* FeSpinnerTests.xctest */ = {isa = PBXFileReference; explicitFileType = wrapper.cfbundle; includeInIndex = 0; path = FeSpinnerTests.xctest; sourceTree = BUILT_PRODUCTS_DIR; };
		BAE08725183CE85100B12AB6 /* XCTest.framework */ = {isa = PBXFileReference; lastKnownFileType = wrapper.framework; name = XCTest.framework; path = Library/Frameworks/XCTest.framework; sourceTree = DEVELOPER_DIR; };
		BAE0872D183CE85100B12AB6 /* FeSpinnerTests-Info.plist */ = {isa = PBXFileReference; lastKnownFileType = text.plist.xml; path = "FeSpinnerTests-Info.plist"; sourceTree = "<group>"; };
		BAE0872F183CE85100B12AB6 /* en */ = {isa = PBXFileReference; lastKnownFileType = text.plist.strings; name = en; path = en.lproj/InfoPlist.strings; sourceTree = "<group>"; };
		BAE08731183CE85100B12AB6 /* FeSpinnerTests.m */ = {isa = PBXFileReference; lastKnownFileType = sourcecode.c.objc; path = FeSpinnerTests.m; sourceTree = "<group>"; };
/* End PBXFileReference section */

/* Begin PBXFrameworksBuildPhase section */
		BAE086FD183CE85100B12AB6 /* Frameworks */ = {
			isa = PBXFrameworksBuildPhase;
			buildActionMask = 2147483647;
			files = (
				BAE08706183CE85100B12AB6 /* CoreGraphics.framework in Frameworks */,
				BAE08708183CE85100B12AB6 /* UIKit.framework in Frameworks */,
				BAE08704183CE85100B12AB6 /* Foundation.framework in Frameworks */,
			);
			runOnlyForDeploymentPostprocessing = 0;
		};
		BAE08721183CE85100B12AB6 /* Frameworks */ = {
			isa = PBXFrameworksBuildPhase;
			buildActionMask = 2147483647;
			files = (
				BAE08726183CE85100B12AB6 /* XCTest.framework in Frameworks */,
				BAE08728183CE85100B12AB6 /* UIKit.framework in Frameworks */,
				BAE08727183CE85100B12AB6 /* Foundation.framework in Frameworks */,
			);
			runOnlyForDeploymentPostprocessing = 0;
		};
/* End PBXFrameworksBuildPhase section */

/* Begin PBXGroup section */
		BAE086F7183CE85100B12AB6 = {
			isa = PBXGroup;
			children = (
				BAE08709183CE85100B12AB6 /* FeSpinner */,
				BAE0872B183CE85100B12AB6 /* FeSpinnerTests */,
				BAE08702183CE85100B12AB6 /* Frameworks */,
				BAE08701183CE85100B12AB6 /* Products */,
			);
			sourceTree = "<group>";
		};
		BAE08701183CE85100B12AB6 /* Products */ = {
			isa = PBXGroup;
			children = (
				BAE08700183CE85100B12AB6 /* FeSpinner.app */,
				BAE08724183CE85100B12AB6 /* FeSpinnerTests.xctest */,
			);
			name = Products;
			sourceTree = "<group>";
		};
		BAE08702183CE85100B12AB6 /* Frameworks */ = {
			isa = PBXGroup;
			children = (
				BAE08703183CE85100B12AB6 /* Foundation.framework */,
				BAE08705183CE85100B12AB6 /* CoreGraphics.framework */,
				BAE08707183CE85100B12AB6 /* UIKit.framework */,
				BAE08725183CE85100B12AB6 /* XCTest.framework */,
			);
			name = Frameworks;
			sourceTree = "<group>";
		};
		BAE08709183CE85100B12AB6 /* FeSpinner */ = {
			isa = PBXGroup;
			children = (
				BAE08712183CE85100B12AB6 /* FeAppDelegate.h */,
				BAE08713183CE85100B12AB6 /* FeAppDelegate.m */,
				BAE08715183CE85100B12AB6 /* Main_iPhone.storyboard */,
				BAE08718183CE85100B12AB6 /* Main_iPad.storyboard */,
				BAE0871B183CE85100B12AB6 /* FeViewController.h */,
				BAE0871C183CE85100B12AB6 /* FeViewController.m */,
				BAE0871E183CE85100B12AB6 /* Images.xcassets */,
				BAE0870A183CE85100B12AB6 /* Supporting Files */,
			);
			path = FeSpinner;
			sourceTree = "<group>";
		};
		BAE0870A183CE85100B12AB6 /* Supporting Files */ = {
			isa = PBXGroup;
			children = (
				BAE0870B183CE85100B12AB6 /* FeSpinner-Info.plist */,
				BAE0870C183CE85100B12AB6 /* InfoPlist.strings */,
				BAE0870F183CE85100B12AB6 /* main.m */,
				BAE08711183CE85100B12AB6 /* FeSpinner-Prefix.pch */,
			);
			name = "Supporting Files";
			sourceTree = "<group>";
		};
		BAE0872B183CE85100B12AB6 /* FeSpinnerTests */ = {
			isa = PBXGroup;
			children = (
				BAE08731183CE85100B12AB6 /* FeSpinnerTests.m */,
				BAE0872C183CE85100B12AB6 /* Supporting Files */,
			);
			path = FeSpinnerTests;
			sourceTree = "<group>";
		};
		BAE0872C183CE85100B12AB6 /* Supporting Files */ = {
			isa = PBXGroup;
			children = (
				BAE0872D183CE85100B12AB6 /* FeSpinnerTests-Info.plist */,
				BAE0872E183CE85100B12AB6 /* InfoPlist.strings */,
			);
			name = "Supporting Files";
			sourceTree = "<group>";
		};
/* End PBXGroup section */

/* Begin PBXNativeTarget section */
		BAE086FF183CE85100B12AB6 /* FeSpinner */ = {
			isa = PBXNativeTarget;
			buildConfigurationList = BAE08735183CE85100B12AB6 /* Build configuration list for PBXNativeTarget "FeSpinner" */;
			buildPhases = (
				BAE086FC183CE85100B12AB6 /* Sources */,
				BAE086FD183CE85100B12AB6 /* Frameworks */,
				BAE086FE183CE85100B12AB6 /* Resources */,
			);
			buildRules = (
			);
			dependencies = (
			);
			name = FeSpinner;
			productName = FeSpinner;
			productReference = BAE08700183CE85100B12AB6 /* FeSpinner.app */;
			productType = "com.apple.product-type.application";
		};
		BAE08723183CE85100B12AB6 /* FeSpinnerTests */ = {
			isa = PBXNativeTarget;
			buildConfigurationList = BAE08738183CE85100B12AB6 /* Build configuration list for PBXNativeTarget "FeSpinnerTests" */;
			buildPhases = (
				BAE08720183CE85100B12AB6 /* Sources */,
				BAE08721183CE85100B12AB6 /* Frameworks */,
				BAE08722183CE85100B12AB6 /* Resources */,
			);
			buildRules = (
			);
			dependencies = (
				BAE0872A183CE85100B12AB6 /* PBXTargetDependency */,
			);
			name = FeSpinnerTests;
			productName = FeSpinnerTests;
			productReference = BAE08724183CE85100B12AB6 /* FeSpinnerTests.xctest */;
			productType = "com.apple.product-type.bundle.unit-test";
		};
/* End PBXNativeTarget section */

/* Begin PBXProject section */
		BAE086F8183CE85100B12AB6 /* Project object */ = {
			isa = PBXProject;
			attributes = {
				CLASSPREFIX = Fe;
				LastUpgradeCheck = 0500;
				ORGANIZATIONNAME = fe;
				TargetAttributes = {
					BAE08723183CE85100B12AB6 = {
						TestTargetID = BAE086FF183CE85100B12AB6;
					};
				};
			};
			buildConfigurationList = BAE086FB183CE85100B12AB6 /* Build configuration list for PBXProject "FeSpinner" */;
			compatibilityVersion = "Xcode 3.2";
			developmentRegion = English;
			hasScannedForEncodings = 0;
			knownRegions = (
				en,
				Base,
			);
			mainGroup = BAE086F7183CE85100B12AB6;
			productRefGroup = BAE08701183CE85100B12AB6 /* Products */;
			projectDirPath = "";
			projectRoot = "";
			targets = (
				BAE086FF183CE85100B12AB6 /* FeSpinner */,
				BAE08723183CE85100B12AB6 /* FeSpinnerTests */,
			);
		};
/* End PBXProject section */

/* Begin PBXResourcesBuildPhase section */
		BAE086FE183CE85100B12AB6 /* Resources */ = {
			isa = PBXResourcesBuildPhase;
			buildActionMask = 2147483647;
			files = (
				BAE0871A183CE85100B12AB6 /* Main_iPad.storyboard in Resources */,
				BAE0871F183CE85100B12AB6 /* Images.xcassets in Resources */,
				BAE08717183CE85100B12AB6 /* Main_iPhone.storyboard in Resources */,
				BAE0870E183CE85100B12AB6 /* InfoPlist.strings in Resources */,
			);
			runOnlyForDeploymentPostprocessing = 0;
		};
		BAE08722183CE85100B12AB6 /* Resources */ = {
			isa = PBXResourcesBuildPhase;
			buildActionMask = 2147483647;
			files = (
				BAE08730183CE85100B12AB6 /* InfoPlist.strings in Resources */,
			);
			runOnlyForDeploymentPostprocessing = 0;
		};
/* End PBXResourcesBuildPhase section */

/* Begin PBXSourcesBuildPhase section */
		BAE086FC183CE85100B12AB6 /* Sources */ = {
			isa = PBXSourcesBuildPhase;
			buildActionMask = 2147483647;
			files = (
				BAE08710183CE85100B12AB6 /* main.m in Sources */,
				BAE0871D183CE85100B12AB6 /* FeViewController.m in Sources */,
				BAE08714183CE85100B12AB6 /* FeAppDelegate.m in Sources */,
			);
			runOnlyForDeploymentPostprocessing = 0;
		};
		BAE08720183CE85100B12AB6 /* Sources */ = {
			isa = PBXSourcesBuildPhase;
			buildActionMask = 2147483647;
			files = (
				BAE08732183CE85100B12AB6 /* FeSpinnerTests.m in Sources */,
			);
			runOnlyForDeploymentPostprocessing = 0;
		};
/* End PBXSourcesBuildPhase section */

/* Begin PBXTargetDependency section */
		BAE0872A183CE85100B12AB6 /* PBXTargetDependency */ = {
			isa = PBXTargetDependency;
			target = BAE086FF183CE85100B12AB6 /* FeSpinner */;
			targetProxy = BAE08729183CE85100B12AB6 /* PBXContainerItemProxy */;
		};
/* End PBXTargetDependency section */

/* Begin PBXVariantGroup section */
		BAE0870C183CE85100B12AB6 /* InfoPlist.strings */ = {
			isa = PBXVariantGroup;
			children = (
				BAE0870D183CE85100B12AB6 /* en */,
			);
			name = InfoPlist.strings;
			sourceTree = "<group>";
		};
		BAE08715183CE85100B12AB6 /* Main_iPhone.storyboard */ = {
			isa = PBXVariantGroup;
			children = (
				BAE08716183CE85100B12AB6 /* Base */,
			);
			name = Main_iPhone.storyboard;
			sourceTree = "<group>";
		};
		BAE08718183CE85100B12AB6 /* Main_iPad.storyboard */ = {
			isa = PBXVariantGroup;
			children = (
				BAE08719183CE85100B12AB6 /* Base */,
			);
			name = Main_iPad.storyboard;
			sourceTree = "<group>";
		};
		BAE0872E183CE85100B12AB6 /* InfoPlist.strings */ = {
			isa = PBXVariantGroup;
			children = (
				BAE0872F183CE85100B12AB6 /* en */,
			);
			name = InfoPlist.strings;
			sourceTree = "<group>";
		};
/* End PBXVariantGroup section */

/* Begin XCBuildConfiguration section */
		BAE08733183CE85100B12AB6 /* Debug */ = {
			isa = XCBuildConfiguration;
			buildSettings = {
				ALWAYS_SEARCH_USER_PATHS = NO;
				ARCHS = "$(ARCHS_STANDARD_INCLUDING_64_BIT)";
				CLANG_CXX_LANGUAGE_STANDARD = "gnu++0x";
				CLANG_CXX_LIBRARY = "libc++";
				CLANG_ENABLE_MODULES = YES;
				CLANG_ENABLE_OBJC_ARC = YES;
				CLANG_WARN_BOOL_CONVERSION = YES;
				CLANG_WARN_CONSTANT_CONVERSION = YES;
				CLANG_WARN_DIRECT_OBJC_ISA_USAGE = YES_ERROR;
				CLANG_WARN_EMPTY_BODY = YES;
				CLANG_WARN_ENUM_CONVERSION = YES;
				CLANG_WARN_INT_CONVERSION = YES;
				CLANG_WARN_OBJC_ROOT_CLASS = YES_ERROR;
				CLANG_WARN__DUPLICATE_METHOD_MATCH = YES;
				"CODE_SIGN_IDENTITY[sdk=iphoneos*]" = "iPhone Developer";
				COPY_PHASE_STRIP = NO;
				GCC_C_LANGUAGE_STANDARD = gnu99;
				GCC_DYNAMIC_NO_PIC = NO;
				GCC_OPTIMIZATION_LEVEL = 0;
				GCC_PREPROCESSOR_DEFINITIONS = (
					"DEBUG=1",
					"$(inherited)",
				);
				GCC_SYMBOLS_PRIVATE_EXTERN = NO;
				GCC_WARN_64_TO_32_BIT_CONVERSION = YES;
				GCC_WARN_ABOUT_RETURN_TYPE = YES_ERROR;
				GCC_WARN_UNDECLARED_SELECTOR = YES;
				GCC_WARN_UNINITIALIZED_AUTOS = YES;
				GCC_WARN_UNUSED_FUNCTION = YES;
				GCC_WARN_UNUSED_VARIABLE = YES;
				IPHONEOS_DEPLOYMENT_TARGET = 7.0;
				ONLY_ACTIVE_ARCH = YES;
				SDKROOT = iphoneos;
				TARGETED_DEVICE_FAMILY = "1,2";
			};
			name = Debug;
		};
		BAE08734183CE85100B12AB6 /* Release */ = {
			isa = XCBuildConfiguration;
			buildSettings = {
				ALWAYS_SEARCH_USER_PATHS = NO;
				ARCHS = "$(ARCHS_STANDARD_INCLUDING_64_BIT)";
				CLANG_CXX_LANGUAGE_STANDARD = "gnu++0x";
				CLANG_CXX_LIBRARY = "libc++";
				CLANG_ENABLE_MODULES = YES;
				CLANG_ENABLE_OBJC_ARC = YES;
				CLANG_WARN_BOOL_CONVERSION = YES;
				CLANG_WARN_CONSTANT_CONVERSION = YES;
				CLANG_WARN_DIRECT_OBJC_ISA_USAGE = YES_ERROR;
				CLANG_WARN_EMPTY_BODY = YES;
				CLANG_WARN_ENUM_CONVERSION = YES;
				CLANG_WARN_INT_CONVERSION = YES;
				CLANG_WARN_OBJC_ROOT_CLASS = YES_ERROR;
				CLANG_WARN__DUPLICATE_METHOD_MATCH = YES;
				"CODE_SIGN_IDENTITY[sdk=iphoneos*]" = "iPhone Developer";
				COPY_PHASE_STRIP = YES;
				ENABLE_NS_ASSERTIONS = NO;
				GCC_C_LANGUAGE_STANDARD = gnu99;
				GCC_WARN_64_TO_32_BIT_CONVERSION = YES;
				GCC_WARN_ABOUT_RETURN_TYPE = YES_ERROR;
				GCC_WARN_UNDECLARED_SELECTOR = YES;
				GCC_WARN_UNINITIALIZED_AUTOS = YES;
				GCC_WARN_UNUSED_FUNCTION = YES;
				GCC_WARN_UNUSED_VARIABLE = YES;
				IPHONEOS_DEPLOYMENT_TARGET = 7.0;
				SDKROOT = iphoneos;
				TARGETED_DEVICE_FAMILY = "1,2";
				VALIDATE_PRODUCT = YES;
			};
			name = Release;
		};
		BAE08736183CE85100B12AB6 /* Debug */ = {
			isa = XCBuildConfiguration;
			buildSettings = {
				ASSETCATALOG_COMPILER_APPICON_NAME = AppIcon;
				ASSETCATALOG_COMPILER_LAUNCHIMAGE_NAME = LaunchImage;
				GCC_PRECOMPILE_PREFIX_HEADER = YES;
				GCC_PREFIX_HEADER = "FeSpinner/FeSpinner-Prefix.pch";
				INFOPLIST_FILE = "FeSpinner/FeSpinner-Info.plist";
				PRODUCT_NAME = "$(TARGET_NAME)";
				WRAPPER_EXTENSION = app;
			};
			name = Debug;
		};
		BAE08737183CE85100B12AB6 /* Release */ = {
			isa = XCBuildConfiguration;
			buildSettings = {
				ASSETCATALOG_COMPILER_APPICON_NAME = AppIcon;
				ASSETCATALOG_COMPILER_LAUNCHIMAGE_NAME = LaunchImage;
				GCC_PRECOMPILE_PREFIX_HEADER = YES;
				GCC_PREFIX_HEADER = "FeSpinner/FeSpinner-Prefix.pch";
				INFOPLIST_FILE = "FeSpinner/FeSpinner-Info.plist";
				PRODUCT_NAME = "$(TARGET_NAME)";
				WRAPPER_EXTENSION = app;
			};
			name = Release;
		};
		BAE08739183CE85100B12AB6 /* Debug */ = {
			isa = XCBuildConfiguration;
			buildSettings = {
				ARCHS = "$(ARCHS_STANDARD_INCLUDING_64_BIT)";
				BUNDLE_LOADER = "$(BUILT_PRODUCTS_DIR)/FeSpinner.app/FeSpinner";
				FRAMEWORK_SEARCH_PATHS = (
					"$(SDKROOT)/Developer/Library/Frameworks",
					"$(inherited)",
					"$(DEVELOPER_FRAMEWORKS_DIR)",
				);
				GCC_PRECOMPILE_PREFIX_HEADER = YES;
				GCC_PREFIX_HEADER = "FeSpinner/FeSpinner-Prefix.pch";
				GCC_PREPROCESSOR_DEFINITIONS = (
					"DEBUG=1",
					"$(inherited)",
				);
				INFOPLIST_FILE = "FeSpinnerTests/FeSpinnerTests-Info.plist";
				PRODUCT_NAME = "$(TARGET_NAME)";
				TEST_HOST = "$(BUNDLE_LOADER)";
				WRAPPER_EXTENSION = xctest;
			};
			name = Debug;
		};
		BAE0873A183CE85100B12AB6 /* Release */ = {
			isa = XCBuildConfiguration;
			buildSettings = {
				ARCHS = "$(ARCHS_STANDARD_INCLUDING_64_BIT)";
				BUNDLE_LOADER = "$(BUILT_PRODUCTS_DIR)/FeSpinner.app/FeSpinner";
				FRAMEWORK_SEARCH_PATHS = (
					"$(SDKROOT)/Developer/Library/Frameworks",
					"$(inherited)",
					"$(DEVELOPER_FRAMEWORKS_DIR)",
				);
				GCC_PRECOMPILE_PREFIX_HEADER = YES;
				GCC_PREFIX_HEADER = "FeSpinner/FeSpinner-Prefix.pch";
				INFOPLIST_FILE = "FeSpinnerTests/FeSpinnerTests-Info.plist";
				PRODUCT_NAME = "$(TARGET_NAME)";
				TEST_HOST = "$(BUNDLE_LOADER)";
				WRAPPER_EXTENSION = xctest;
			};
			name = Release;
		};
/* End XCBuildConfiguration section */

/* Begin XCConfigurationList section */
		BAE086FB183CE85100B12AB6 /* Build configuration list for PBXProject "FeSpinner" */ = {
			isa = XCConfigurationList;
			buildConfigurations = (
				BAE08733183CE85100B12AB6 /* Debug */,
				BAE08734183CE85100B12AB6 /* Release */,
			);
			defaultConfigurationIsVisible = 0;
			defaultConfigurationName = Release;
		};
		BAE08735183CE85100B12AB6 /* Build configuration list for PBXNativeTarget "FeSpinner" */ = {
			isa = XCConfigurationList;
			buildConfigurations = (
				BAE08736183CE85100B12AB6 /* Debug */,
				BAE08737183CE85100B12AB6 /* Release */,
			);
			defaultConfigurationIsVisible = 0;
		};
		BAE08738183CE85100B12AB6 /* Build configuration list for PBXNativeTarget "FeSpinnerTests" */ = {
			isa = XCConfigurationList;
			buildConfigurations = (
				BAE08739183CE85100B12AB6 /* Debug */,
				BAE0873A183CE85100B12AB6 /* Release */,
			);
			defaultConfigurationIsVisible = 0;
		};
/* End XCConfigurationList section */
	};
	rootObject = BAE086F8183CE85100B12AB6 /* Project object */;
}
